
Microsoft Visual Studio Solution File, Format Version 12.00
# Visual Studio Version 17
VisualStudioVersion = 17.2.32519.379
MinimumVisualStudioVersion = 10.0.40219.1
Project("{FAE04EC0-301F-11D3-BF4B-00C04F79EFBC}") = "MatchingGame", "MatchingGame\MatchingGame.csproj", "{B8EAE2E2-90F1-482B-992D-75F4303E45BF}"
EndProject
Global
	GlobalSection(SolutionConfigurationPlatforms) = preSolution
		Debug|Any CPU = Debug|Any CPU
		Release|Any CPU = Release|Any CPU
	EndGlobalSection
	GlobalSection(ProjectConfigurationPlatforms) = postSolution
		{B8EAE2E2-90F1-482B-992D-75F4303E45BF}.Debug|Any CPU.ActiveCfg = Debug|Any CPU
		{B8EAE2E2-90F1-482B-992D-75F4303E45BF}.Debug|Any CPU.Build.0 = Debug|Any CPU
		{B8EAE2E2-90F1-482B-992D-75F4303E45BF}.Release|Any CPU.ActiveCfg = Release|Any CPU
		{B8EAE2E2-90F1-482B-992D-75F4303E45BF}.Release|Any CPU.Build.0 = Release|Any CPU
	EndGlobalSection
	GlobalSection(SolutionProperties) = preSolution
		HideSolutionNode = FALSE
	EndGlobalSection
	GlobalSection(ExtensibilityGlobals) = postSolution
		SolutionGuid = {27B3713D-6D38-412F-83A9-C4475AB66865}
	EndGlobalSection
EndGlobal
